{
  "version": 4,
  "terraform_version": "1.2.9",
  "serial": 87,
  "lineage": "bea12260-273e-129b-0f43-96b7c8fe3e82",
  "outputs": {},
  "resources": [
    {
      "mode": "data",
      "type": "azurerm_client_config",
      "name": "current",
      "provider": "provider[\"registry.terraform.io/hashicorp/azurerm\"]",
      "instances": [
        {
          "schema_version": 0,
          "attributes": {
            "client_id": "04b07795-8ddb-461a-bbee-02f9e1bf7b46",
            "id": "2022-09-27 10:14:51.339682 +0000 UTC",
            "object_id": "6e5cfa04-f58b-4120-b219-85a3a375a8dd",
            "subscription_id": "f7d221ec-4738-488a-8a1c-bd6241699022",
            "tenant_id": "82815b8c-3775-4599-97c7-2b87528e6f83",
            "timeouts": null
          },
          "sensitive_attributes": []
        }
      ]
    },
    {
      "mode": "data",
      "type": "azurerm_resource_group",
      "name": "iap_rg",
      "provider": "provider[\"registry.terraform.io/hashicorp/azurerm\"]",
      "instances": [
        {
          "schema_version": 0,
          "attributes": {
            "id": "/subscriptions/f7d221ec-4738-488a-8a1c-bd6241699022/resourceGroups/rg-iap-hai02u",
            "location": "eastus2",
            "name": "rg-iap-hai02u",
            "tags": {
              "Application": "iap",
              "Environment": "UAT"
            },
            "timeouts": null
          },
          "sensitive_attributes": []
        }
      ]
    },
    {
      "module": "module.iap_aas",
      "mode": "data",
      "type": "azurerm_resource_group",
      "name": "resource_group",
      "provider": "provider[\"registry.terraform.io/hashicorp/azurerm\"]",
      "instances": [
        {
          "schema_version": 0,
          "attributes": {
            "id": "/subscriptions/f7d221ec-4738-488a-8a1c-bd6241699022/resourceGroups/rg-iap-hai02u",
            "location": "eastus2",
            "name": "rg-iap-hai02u",
            "tags": {
              "Application": "iap",
              "Environment": "UAT"
            },
            "timeouts": null
          },
          "sensitive_attributes": []
        }
      ]
    },
    {
      "module": "module.iap_aas",
      "mode": "managed",
      "type": "azurerm_analysis_services_server",
      "name": "aas",
      "provider": "provider[\"registry.terraform.io/hashicorp/azurerm\"]",
      "instances": [
        {
          "schema_version": 0,
          "attributes": {
            "admin_users": [
              "atiwari-contractor@housingcenter.com"
            ],
            "backup_blob_container_uri": null,
            "enable_power_bi_service": false,
            "id": "/subscriptions/f7d221ec-4738-488a-8a1c-bd6241699022/resourceGroups/rg-iap-hai02u/providers/Microsoft.AnalysisServices/servers/hai02uiapanserv01",
            "ipv4_firewall_rule": [],
            "location": "eastus2",
            "name": "hai02uiapanserv01",
            "querypool_connection_mode": "All",
            "resource_group_name": "rg-iap-hai02u",
            "server_full_name": "asazure://aspaaseastus2.asazure.windows.net/hai02uiapanserv01",
            "sku": "B1",
            "tags": {
              "Application": "iap",
              "Environment": "UAT"
            },
            "timeouts": null
          },
          "sensitive_attributes": [],
          "private": "eyJlMmJmYjczMC1lY2FhLTExZTYtOGY4OC0zNDM2M2JjN2M0YzAiOnsiY3JlYXRlIjoxODAwMDAwMDAwMDAwLCJkZWxldGUiOjE4MDAwMDAwMDAwMDAsInJlYWQiOjMwMDAwMDAwMDAwMCwidXBkYXRlIjoxODAwMDAwMDAwMDAwfX0=",
          "dependencies": [
            "data.azurerm_resource_group.iap_rg",
            "module.iap_aas.data.azurerm_resource_group.resource_group"
          ]
        }
      ]
    },
    {
      "module": "module.iap_adf",
      "mode": "data",
      "type": "azurerm_resource_group",
      "name": "resource_group",
      "provider": "provider[\"registry.terraform.io/hashicorp/azurerm\"]",
      "instances": [
        {
          "schema_version": 0,
          "attributes": {
            "id": "/subscriptions/f7d221ec-4738-488a-8a1c-bd6241699022/resourceGroups/rg-iap-hai02u",
            "location": "eastus2",
            "name": "rg-iap-hai02u",
            "tags": {
              "Application": "iap",
              "Environment": "UAT"
            },
            "timeouts": null
          },
          "sensitive_attributes": []
        }
      ]
    },
    {
      "module": "module.iap_adf",
      "mode": "managed",
      "type": "azurerm_data_factory",
      "name": "adf",
      "provider": "provider[\"registry.terraform.io/hashicorp/azurerm\"]",
      "instances": [
        {
          "schema_version": 2,
          "attributes": {
            "customer_managed_key_id": "",
            "customer_managed_key_identity_id": "",
            "github_configuration": [],
            "global_parameter": [],
            "id": "/subscriptions/f7d221ec-4738-488a-8a1c-bd6241699022/resourceGroups/rg-iap-hai02u/providers/Microsoft.DataFactory/factories/adf-iap-hai02u",
            "identity": [
              {
                "identity_ids": [],
                "principal_id": "b8710e4e-d268-475c-8d0d-e6aa2f4cd636",
                "tenant_id": "82815b8c-3775-4599-97c7-2b87528e6f83",
                "type": "SystemAssigned"
              }
            ],
            "location": "eastus2",
            "managed_virtual_network_enabled": false,
            "name": "adf-iap-hai02u",
            "public_network_enabled": true,
            "resource_group_name": "rg-iap-hai02u",
            "tags": {
              "Application": "iap",
              "Environment": "UAT"
            },
            "timeouts": null,
            "vsts_configuration": []
          },
          "sensitive_attributes": [],
          "private": "eyJlMmJmYjczMC1lY2FhLTExZTYtOGY4OC0zNDM2M2JjN2M0YzAiOnsiY3JlYXRlIjoxODAwMDAwMDAwMDAwLCJkZWxldGUiOjE4MDAwMDAwMDAwMDAsInJlYWQiOjMwMDAwMDAwMDAwMCwidXBkYXRlIjoxODAwMDAwMDAwMDAwfSwic2NoZW1hX3ZlcnNpb24iOiIyIn0=",
          "dependencies": [
            "data.azurerm_resource_group.iap_rg",
            "module.iap_adf.data.azurerm_resource_group.resource_group"
          ]
        }
      ]
    },
    {
      "module": "module.iap_adf",
      "mode": "managed",
      "type": "azurerm_data_factory_integration_runtime_self_hosted",
      "name": "adf_shir",
      "provider": "provider[\"registry.terraform.io/hashicorp/azurerm\"]",
      "instances": [
        {
          "schema_version": 0,
          "attributes": {
            "data_factory_id": "/subscriptions/f7d221ec-4738-488a-8a1c-bd6241699022/resourceGroups/rg-iap-hai02u/providers/Microsoft.DataFactory/factories/adf-iap-hai02u",
            "description": "",
            "id": "/subscriptions/f7d221ec-4738-488a-8a1c-bd6241699022/resourceGroups/rg-iap-hai02u/providers/Microsoft.DataFactory/factories/adf-iap-hai02u/integrationruntimes/shir-iapuat",
            "name": "shir-iapuat",
            "primary_authorization_key": "IR@f6bfeb21-7a2c-432f-a071-3f13c24abd9c@adf-iap-hai02u@ServiceEndpoint=adf-iap-hai02u.eastus2.datafactory.azure.net@dRDsHbvUEe/VudZzQLCrd1eXuuMhaXX09dYMUssqLpM=",
            "rbac_authorization": [],
            "secondary_authorization_key": "IR@f6bfeb21-7a2c-432f-a071-3f13c24abd9c@adf-iap-hai02u@ServiceEndpoint=adf-iap-hai02u.eastus2.datafactory.azure.net@VjEuFegndS2qg0JjwSf0l2uKfa84fTa99NaPdpNwoGI=",
            "timeouts": null
          },
          "sensitive_attributes": [],
          "private": "eyJlMmJmYjczMC1lY2FhLTExZTYtOGY4OC0zNDM2M2JjN2M0YzAiOnsiY3JlYXRlIjoxODAwMDAwMDAwMDAwLCJkZWxldGUiOjE4MDAwMDAwMDAwMDAsInJlYWQiOjMwMDAwMDAwMDAwMCwidXBkYXRlIjoxODAwMDAwMDAwMDAwfX0=",
          "dependencies": [
            "data.azurerm_resource_group.iap_rg",
            "module.iap_adf.azurerm_data_factory.adf",
            "module.iap_adf.data.azurerm_resource_group.resource_group"
          ]
        }
      ]
    },
    {
      "module": "module.iap_keyvault",
      "mode": "data",
      "type": "azurerm_resource_group",
      "name": "resource_group",
      "provider": "provider[\"registry.terraform.io/hashicorp/azurerm\"]",
      "instances": [
        {
          "schema_version": 0,
          "attributes": {
            "id": "/subscriptions/f7d221ec-4738-488a-8a1c-bd6241699022/resourceGroups/rg-iap-hai02u",
            "location": "eastus2",
            "name": "rg-iap-hai02u",
            "tags": {
              "Application": "iap",
              "Environment": "UAT"
            },
            "timeouts": null
          },
          "sensitive_attributes": []
        }
      ]
    },
    {
      "module": "module.iap_keyvault",
      "mode": "managed",
      "type": "azurerm_key_vault",
      "name": "key_vault",
      "provider": "provider[\"registry.terraform.io/hashicorp/azurerm\"]",
      "instances": [
        {
          "schema_version": 2,
          "attributes": {
            "access_policy": [],
            "contact": [],
            "enable_rbac_authorization": true,
            "enabled_for_deployment": false,
            "enabled_for_disk_encryption": false,
            "enabled_for_template_deployment": false,
            "id": "/subscriptions/f7d221ec-4738-488a-8a1c-bd6241699022/resourceGroups/rg-iap-hai02u/providers/Microsoft.KeyVault/vaults/vlt-iap01-hai02u",
            "location": "eastus2",
            "name": "vlt-iap01-hai02u",
            "network_acls": [
              {
                "bypass": "AzureServices",
                "default_action": "Allow",
                "ip_rules": [],
                "virtual_network_subnet_ids": []
              }
            ],
            "purge_protection_enabled": false,
            "resource_group_name": "rg-iap-hai02u",
            "sku_name": "standard",
            "soft_delete_retention_days": 7,
            "tags": {
              "Application": "iap",
              "Environment": "UAT"
            },
            "tenant_id": "82815b8c-3775-4599-97c7-2b87528e6f83",
            "timeouts": null,
            "vault_uri": "https://vlt-iap01-hai02u.vault.azure.net/"
          },
          "sensitive_attributes": [],
          "private": "eyJlMmJmYjczMC1lY2FhLTExZTYtOGY4OC0zNDM2M2JjN2M0YzAiOnsiY3JlYXRlIjoxODAwMDAwMDAwMDAwLCJkZWxldGUiOjE4MDAwMDAwMDAwMDAsInJlYWQiOjMwMDAwMDAwMDAwMCwidXBkYXRlIjoxODAwMDAwMDAwMDAwfSwic2NoZW1hX3ZlcnNpb24iOiIyIn0=",
          "dependencies": [
            "data.azurerm_client_config.current",
            "data.azurerm_resource_group.iap_rg",
            "module.iap_keyvault.data.azurerm_resource_group.resource_group"
          ]
        }
      ]
    },
    {
      "module": "module.iap_logicapp",
      "mode": "data",
      "type": "azurerm_resource_group",
      "name": "resource_group",
      "provider": "provider[\"registry.terraform.io/hashicorp/azurerm\"]",
      "instances": [
        {
          "schema_version": 0,
          "attributes": {
            "id": "/subscriptions/f7d221ec-4738-488a-8a1c-bd6241699022/resourceGroups/rg-iap-hai02u",
            "location": "eastus2",
            "name": "rg-iap-hai02u",
            "tags": {
              "Application": "iap",
              "Environment": "UAT"
            },
            "timeouts": null
          },
          "sensitive_attributes": []
        }
      ]
    },
    {
      "module": "module.iap_logicapp",
      "mode": "managed",
      "type": "azurerm_logic_app_workflow",
      "name": "logic_app",
      "provider": "provider[\"registry.terraform.io/hashicorp/azurerm\"]",
      "instances": [
        {
          "schema_version": 0,
          "attributes": {
            "access_control": [],
            "access_endpoint": "https://prod-18.eastus2.logic.azure.com:443/workflows/f6e32ee2cba34e958d89e9e0372f5546",
            "connector_endpoint_ip_addresses": [],
            "connector_outbound_ip_addresses": [
              "52.225.129.144",
              "52.232.188.154",
              "104.209.247.23",
              "40.70.146.208/28",
              "40.70.151.96/27",
              "40.65.220.25",
              "20.98.192.80/28",
              "20.98.192.96/27",
              "20.85.81.137",
              "20.85.80.197"
            ],
            "enabled": true,
            "id": "/subscriptions/f7d221ec-4738-488a-8a1c-bd6241699022/resourceGroups/rg-iap-hai02u/providers/Microsoft.Logic/workflows/lapp-iap-hai02u",
            "identity": [],
            "integration_service_environment_id": "",
            "location": "eastus2",
            "logic_app_integration_account_id": "",
            "name": "lapp-iap-hai02u",
            "parameters": null,
            "resource_group_name": "rg-iap-hai02u",
            "tags": {
              "Application": "iap",
              "Environment": "UAT"
            },
            "timeouts": null,
            "workflow_endpoint_ip_addresses": [
              "40.84.25.234",
              "40.79.44.7",
              "40.84.59.136",
              "40.70.27.253",
              "20.96.58.28",
              "20.96.89.98",
              "20.96.90.28"
            ],
            "workflow_outbound_ip_addresses": [
              "40.84.30.147",
              "104.208.155.200",
              "104.208.158.174",
              "104.208.140.40",
              "40.70.131.151",
              "40.70.29.214",
              "40.70.26.154",
              "40.70.27.236",
              "20.96.58.140",
              "20.96.58.139",
              "20.96.89.54",
              "20.96.89.48",
              "20.96.89.254",
              "20.96.89.234"
            ],
            "workflow_parameters": null,
            "workflow_schema": "https://schema.management.azure.com/providers/Microsoft.Logic/schemas/2016-06-01/workflowdefinition.json#",
            "workflow_version": "1.0.0.0"
          },
          "sensitive_attributes": [],
          "private": "eyJlMmJmYjczMC1lY2FhLTExZTYtOGY4OC0zNDM2M2JjN2M0YzAiOnsiY3JlYXRlIjoxODAwMDAwMDAwMDAwLCJkZWxldGUiOjE4MDAwMDAwMDAwMDAsInJlYWQiOjMwMDAwMDAwMDAwMCwidXBkYXRlIjoxODAwMDAwMDAwMDAwfX0=",
          "dependencies": [
            "data.azurerm_resource_group.iap_rg",
            "module.iap_logicapp.data.azurerm_resource_group.resource_group"
          ]
        }
      ]
    },
    {
      "module": "module.iap_storage_account",
      "mode": "data",
      "type": "azurerm_resource_group",
      "name": "resource_group",
      "provider": "provider[\"registry.terraform.io/hashicorp/azurerm\"]",
      "instances": [
        {
          "schema_version": 0,
          "attributes": {
            "id": "/subscriptions/f7d221ec-4738-488a-8a1c-bd6241699022/resourceGroups/rg-iap-hai02u",
            "location": "eastus2",
            "name": "rg-iap-hai02u",
            "tags": {
              "Application": "iap",
              "Environment": "UAT"
            },
            "timeouts": null
          },
          "sensitive_attributes": []
        }
      ]
    },
    {
      "module": "module.iap_storage_account",
      "mode": "managed",
      "type": "azurerm_storage_account",
      "name": "storage_account",
      "provider": "provider[\"registry.terraform.io/hashicorp/azurerm\"]",
      "instances": [
        {
          "schema_version": 3,
          "attributes": {
            "access_tier": "Hot",
            "account_kind": "StorageV2",
            "account_replication_type": "LRS",
            "account_tier": "Standard",
            "allow_nested_items_to_be_public": true,
            "azure_files_authentication": [],
            "blob_properties": [
              {
                "change_feed_enabled": false,
                "container_delete_retention_policy": [],
                "cors_rule": [],
                "default_service_version": "",
                "delete_retention_policy": [],
                "last_access_time_enabled": false,
                "versioning_enabled": false
              }
            ],
            "cross_tenant_replication_enabled": true,
            "custom_domain": [],
            "customer_managed_key": [],
            "edge_zone": "",
            "enable_https_traffic_only": true,
            "id": "/subscriptions/f7d221ec-4738-488a-8a1c-bd6241699022/resourceGroups/rg-iap-hai02u/providers/Microsoft.Storage/storageAccounts/saxiapxhai02u",
            "identity": [],
            "infrastructure_encryption_enabled": false,
            "is_hns_enabled": true,
            "large_file_share_enabled": null,
            "location": "eastus2",
            "min_tls_version": "TLS1_2",
            "name": "saxiapxhai02u",
            "network_rules": [
              {
                "bypass": [
                  "AzureServices"
                ],
                "default_action": "Allow",
                "ip_rules": [],
                "private_link_access": [],
                "virtual_network_subnet_ids": []
              }
            ],
            "nfsv3_enabled": false,
            "primary_access_key": "rVFGOmmOYrn1OsKl94pO4h2Wl6e6+xhPMkaDT+zPqCXj3yAa/B3FkdGkHyOvYvKZxv6FHWLXkgry+AStKqSYVQ==",
            "primary_blob_connection_string": "DefaultEndpointsProtocol=https;BlobEndpoint=https://saxiapxhai02u.blob.core.windows.net/;AccountName=saxiapxhai02u;AccountKey=rVFGOmmOYrn1OsKl94pO4h2Wl6e6+xhPMkaDT+zPqCXj3yAa/B3FkdGkHyOvYvKZxv6FHWLXkgry+AStKqSYVQ==",
            "primary_blob_endpoint": "https://saxiapxhai02u.blob.core.windows.net/",
            "primary_blob_host": "saxiapxhai02u.blob.core.windows.net",
            "primary_connection_string": "DefaultEndpointsProtocol=https;AccountName=saxiapxhai02u;AccountKey=rVFGOmmOYrn1OsKl94pO4h2Wl6e6+xhPMkaDT+zPqCXj3yAa/B3FkdGkHyOvYvKZxv6FHWLXkgry+AStKqSYVQ==;EndpointSuffix=core.windows.net",
            "primary_dfs_endpoint": "https://saxiapxhai02u.dfs.core.windows.net/",
            "primary_dfs_host": "saxiapxhai02u.dfs.core.windows.net",
            "primary_file_endpoint": "https://saxiapxhai02u.file.core.windows.net/",
            "primary_file_host": "saxiapxhai02u.file.core.windows.net",
            "primary_location": "eastus2",
            "primary_queue_endpoint": "https://saxiapxhai02u.queue.core.windows.net/",
            "primary_queue_host": "saxiapxhai02u.queue.core.windows.net",
            "primary_table_endpoint": "https://saxiapxhai02u.table.core.windows.net/",
            "primary_table_host": "saxiapxhai02u.table.core.windows.net",
            "primary_web_endpoint": "https://saxiapxhai02u.z20.web.core.windows.net/",
            "primary_web_host": "saxiapxhai02u.z20.web.core.windows.net",
            "queue_encryption_key_type": "Service",
            "queue_properties": [
              {
                "cors_rule": [],
                "hour_metrics": [
                  {
                    "enabled": true,
                    "include_apis": true,
                    "retention_policy_days": 7,
                    "version": "1.0"
                  }
                ],
                "logging": [
                  {
                    "delete": false,
                    "read": false,
                    "retention_policy_days": 0,
                    "version": "1.0",
                    "write": false
                  }
                ],
                "minute_metrics": [
                  {
                    "enabled": false,
                    "include_apis": false,
                    "retention_policy_days": 0,
                    "version": "1.0"
                  }
                ]
              }
            ],
            "resource_group_name": "rg-iap-hai02u",
            "routing": [],
            "secondary_access_key": "RZwf/amWW+gxF/6cNzRvU8VGRQxswspcGmbW5u2WEaEta1C9N/vimm3icNRea0Jt4iXgqyFv9FVo+AStfgsXjA==",
            "secondary_blob_connection_string": "",
            "secondary_blob_endpoint": null,
            "secondary_blob_host": null,
            "secondary_connection_string": "DefaultEndpointsProtocol=https;AccountName=saxiapxhai02u;AccountKey=RZwf/amWW+gxF/6cNzRvU8VGRQxswspcGmbW5u2WEaEta1C9N/vimm3icNRea0Jt4iXgqyFv9FVo+AStfgsXjA==;EndpointSuffix=core.windows.net",
            "secondary_dfs_endpoint": null,
            "secondary_dfs_host": null,
            "secondary_file_endpoint": null,
            "secondary_file_host": null,
            "secondary_location": "",
            "secondary_queue_endpoint": null,
            "secondary_queue_host": null,
            "secondary_table_endpoint": null,
            "secondary_table_host": null,
            "secondary_web_endpoint": null,
            "secondary_web_host": null,
            "share_properties": [
              {
                "cors_rule": [],
                "retention_policy": [
                  {
                    "days": 7
                  }
                ],
                "smb": []
              }
            ],
            "shared_access_key_enabled": true,
            "static_website": [],
            "table_encryption_key_type": "Service",
            "tags": {
              "Application": "iap",
              "Environment": "UAT"
            },
            "timeouts": null
          },
          "sensitive_attributes": [],
          "private": "eyJlMmJmYjczMC1lY2FhLTExZTYtOGY4OC0zNDM2M2JjN2M0YzAiOnsiY3JlYXRlIjozNjAwMDAwMDAwMDAwLCJkZWxldGUiOjM2MDAwMDAwMDAwMDAsInJlYWQiOjMwMDAwMDAwMDAwMCwidXBkYXRlIjozNjAwMDAwMDAwMDAwfSwic2NoZW1hX3ZlcnNpb24iOiIzIn0=",
          "dependencies": [
            "data.azurerm_resource_group.iap_rg",
            "module.iap_storage_account.data.azurerm_resource_group.resource_group"
          ]
        }
      ]
    },
    {
      "module": "module.iap_storage_account",
      "mode": "managed",
      "type": "azurerm_storage_data_lake_gen2_filesystem",
      "name": "filesystem",
      "provider": "provider[\"registry.terraform.io/hashicorp/azurerm\"]",
      "instances": [
        {
          "index_key": "Logs",
          "schema_version": 0,
          "attributes": {
            "ace": [
              {
                "id": "",
                "permissions": "---",
                "scope": "access",
                "type": "other"
              },
              {
                "id": "",
                "permissions": "r-x",
                "scope": "access",
                "type": "group"
              },
              {
                "id": "",
                "permissions": "rwx",
                "scope": "access",
                "type": "user"
              }
            ],
            "group": "6e5cfa04-f58b-4120-b219-85a3a375a8dd",
            "id": "https://saxiapxhai02u.dfs.core.windows.net/logs",
            "name": "logs",
            "owner": "6e5cfa04-f58b-4120-b219-85a3a375a8dd",
            "properties": {},
            "storage_account_id": "/subscriptions/f7d221ec-4738-488a-8a1c-bd6241699022/resourceGroups/rg-iap-hai02u/providers/Microsoft.Storage/storageAccounts/saxiapxhai02u",
            "timeouts": null
          },
          "sensitive_attributes": [],
          "private": "eyJlMmJmYjczMC1lY2FhLTExZTYtOGY4OC0zNDM2M2JjN2M0YzAiOnsiY3JlYXRlIjoxODAwMDAwMDAwMDAwLCJkZWxldGUiOjE4MDAwMDAwMDAwMDAsInJlYWQiOjMwMDAwMDAwMDAwMCwidXBkYXRlIjoxODAwMDAwMDAwMDAwfX0=",
          "dependencies": [
            "data.azurerm_resource_group.iap_rg",
            "module.iap_storage_account.azurerm_storage_account.storage_account",
            "module.iap_storage_account.data.azurerm_resource_group.resource_group"
          ]
        },
        {
          "index_key": "inbound",
          "schema_version": 0,
          "attributes": {
            "ace": [
              {
                "id": "",
                "permissions": "---",
                "scope": "access",
                "type": "other"
              },
              {
                "id": "",
                "permissions": "r-x",
                "scope": "access",
                "type": "group"
              },
              {
                "id": "",
                "permissions": "rwx",
                "scope": "access",
                "type": "user"
              }
            ],
            "group": "6e5cfa04-f58b-4120-b219-85a3a375a8dd",
            "id": "https://saxiapxhai02u.dfs.core.windows.net/inbound",
            "name": "inbound",
            "owner": "6e5cfa04-f58b-4120-b219-85a3a375a8dd",
            "properties": {},
            "storage_account_id": "/subscriptions/f7d221ec-4738-488a-8a1c-bd6241699022/resourceGroups/rg-iap-hai02u/providers/Microsoft.Storage/storageAccounts/saxiapxhai02u",
            "timeouts": null
          },
          "sensitive_attributes": [],
          "private": "eyJlMmJmYjczMC1lY2FhLTExZTYtOGY4OC0zNDM2M2JjN2M0YzAiOnsiY3JlYXRlIjoxODAwMDAwMDAwMDAwLCJkZWxldGUiOjE4MDAwMDAwMDAwMDAsInJlYWQiOjMwMDAwMDAwMDAwMCwidXBkYXRlIjoxODAwMDAwMDAwMDAwfX0=",
          "dependencies": [
            "data.azurerm_resource_group.iap_rg",
            "module.iap_storage_account.azurerm_storage_account.storage_account",
            "module.iap_storage_account.data.azurerm_resource_group.resource_group"
          ]
        },
        {
          "index_key": "outbound",
          "schema_version": 0,
          "attributes": {
            "ace": [
              {
                "id": "",
                "permissions": "---",
                "scope": "access",
                "type": "other"
              },
              {
                "id": "",
                "permissions": "r-x",
                "scope": "access",
                "type": "group"
              },
              {
                "id": "",
                "permissions": "rwx",
                "scope": "access",
                "type": "user"
              }
            ],
            "group": "6e5cfa04-f58b-4120-b219-85a3a375a8dd",
            "id": "https://saxiapxhai02u.dfs.core.windows.net/outbound",
            "name": "outbound",
            "owner": "6e5cfa04-f58b-4120-b219-85a3a375a8dd",
            "properties": {},
            "storage_account_id": "/subscriptions/f7d221ec-4738-488a-8a1c-bd6241699022/resourceGroups/rg-iap-hai02u/providers/Microsoft.Storage/storageAccounts/saxiapxhai02u",
            "timeouts": null
          },
          "sensitive_attributes": [],
          "private": "eyJlMmJmYjczMC1lY2FhLTExZTYtOGY4OC0zNDM2M2JjN2M0YzAiOnsiY3JlYXRlIjoxODAwMDAwMDAwMDAwLCJkZWxldGUiOjE4MDAwMDAwMDAwMDAsInJlYWQiOjMwMDAwMDAwMDAwMCwidXBkYXRlIjoxODAwMDAwMDAwMDAwfX0=",
          "dependencies": [
            "data.azurerm_resource_group.iap_rg",
            "module.iap_storage_account.azurerm_storage_account.storage_account",
            "module.iap_storage_account.data.azurerm_resource_group.resource_group"
          ]
        }
      ]
    },
    {
      "module": "module.iap_vnet",
      "mode": "data",
      "type": "azurerm_resource_group",
      "name": "resource_group",
      "provider": "provider[\"registry.terraform.io/hashicorp/azurerm\"]",
      "instances": [
        {
          "schema_version": 0,
          "attributes": {
            "id": "/subscriptions/f7d221ec-4738-488a-8a1c-bd6241699022/resourceGroups/rg-iap-hai02u",
            "location": "eastus2",
            "name": "rg-iap-hai02u",
            "tags": {
              "Application": "iap",
              "Environment": "UAT"
            },
            "timeouts": null
          },
          "sensitive_attributes": []
        }
      ]
    },
    {
      "module": "module.iap_vnet",
      "mode": "managed",
      "type": "azurerm_network_security_group",
      "name": "nsg",
      "provider": "provider[\"registry.terraform.io/hashicorp/azurerm\"]",
      "instances": [
        {
          "schema_version": 0,
          "attributes": {
            "id": "/subscriptions/f7d221ec-4738-488a-8a1c-bd6241699022/resourceGroups/rg-iap-hai02u/providers/Microsoft.Network/networkSecurityGroups/nsg-iap-hai02u",
            "location": "eastus2",
            "name": "nsg-iap-hai02u",
            "resource_group_name": "rg-iap-hai02u",
            "security_rule": [
              {
                "access": "Allow",
                "description": "",
                "destination_address_prefix": "*",
                "destination_address_prefixes": [],
                "destination_application_security_group_ids": [],
                "destination_port_range": "",
                "destination_port_ranges": [
                  "12000",
                  "443",
                  "80"
                ],
                "direction": "Outbound",
                "name": "allow_management_outbound",
                "priority": 102,
                "protocol": "Tcp",
                "source_address_prefix": "*",
                "source_address_prefixes": [],
                "source_application_security_group_ids": [],
                "source_port_range": "*",
                "source_port_ranges": []
              },
              {
                "access": "Allow",
                "description": "",
                "destination_address_prefix": "*",
                "destination_address_prefixes": [],
                "destination_application_security_group_ids": [],
                "destination_port_range": "",
                "destination_port_ranges": [
                  "1438",
                  "1440",
                  "1452",
                  "9000",
                  "9003"
                ],
                "direction": "Inbound",
                "name": "allow_management_inbound",
                "priority": 106,
                "protocol": "Tcp",
                "source_address_prefix": "*",
                "source_address_prefixes": [],
                "source_application_security_group_ids": [],
                "source_port_range": "*",
                "source_port_ranges": []
              },
              {
                "access": "Allow",
                "description": "",
                "destination_address_prefix": "*",
                "destination_address_prefixes": [],
                "destination_application_security_group_ids": [],
                "destination_port_range": "*",
                "destination_port_ranges": [],
                "direction": "Inbound",
                "name": "allow_health_probe_inbound",
                "priority": 300,
                "protocol": "*",
                "source_address_prefix": "AzureLoadBalancer",
                "source_address_prefixes": [],
                "source_application_security_group_ids": [],
                "source_port_range": "*",
                "source_port_ranges": []
              },
              {
                "access": "Allow",
                "description": "",
                "destination_address_prefix": "*",
                "destination_address_prefixes": [],
                "destination_application_security_group_ids": [],
                "destination_port_range": "*",
                "destination_port_ranges": [],
                "direction": "Outbound",
                "name": "allow_misubnet_outbound",
                "priority": 200,
                "protocol": "*",
                "source_address_prefix": "*",
                "source_address_prefixes": [],
                "source_application_security_group_ids": [],
                "source_port_range": "*",
                "source_port_ranges": []
              },
              {
                "access": "Allow",
                "description": "",
                "destination_address_prefix": "*",
                "destination_address_prefixes": [],
                "destination_application_security_group_ids": [],
                "destination_port_range": "1433",
                "destination_port_ranges": [],
                "direction": "Inbound",
                "name": "allow_tds_inbound",
                "priority": 1000,
                "protocol": "Tcp",
                "source_address_prefix": "VirtualNetwork",
                "source_address_prefixes": [],
                "source_application_security_group_ids": [],
                "source_port_range": "*",
                "source_port_ranges": []
              },
              {
                "access": "Allow",
                "description": "Allow Azure Load Balancer inbound traffic",
                "destination_address_prefix": "10.50.160.128/25",
                "destination_address_prefixes": [],
                "destination_application_security_group_ids": [],
                "destination_port_range": "*",
                "destination_port_ranges": [],
                "direction": "Inbound",
                "name": "Microsoft.Sql-managedInstances_UseOnly_mi-healthprobe-in-10-50-160-128-25-v10",
                "priority": 103,
                "protocol": "*",
                "source_address_prefix": "AzureLoadBalancer",
                "source_address_prefixes": [],
                "source_application_security_group_ids": [],
                "source_port_range": "*",
                "source_port_ranges": []
              },
              {
                "access": "Allow",
                "description": "Allow MI Supportability through Corpnet ranges",
                "destination_address_prefix": "10.50.160.128/25",
                "destination_address_prefixes": [],
                "destination_application_security_group_ids": [],
                "destination_port_range": "",
                "destination_port_ranges": [
                  "9000",
                  "9003"
                ],
                "direction": "Inbound",
                "name": "Microsoft.Sql-managedInstances_UseOnly_mi-corppublic-in-10-50-160-128-25-v10",
                "priority": 102,
                "protocol": "Tcp",
                "source_address_prefix": "CorpNetPublic",
                "source_address_prefixes": [],
                "source_application_security_group_ids": [],
                "source_port_range": "*",
                "source_port_ranges": []
              },
              {
                "access": "Allow",
                "description": "Allow MI Supportability",
                "destination_address_prefix": "10.50.160.128/25",
                "destination_address_prefixes": [],
                "destination_application_security_group_ids": [],
                "destination_port_range": "",
                "destination_port_ranges": [
                  "1440",
                  "9000",
                  "9003"
                ],
                "direction": "Inbound",
                "name": "Microsoft.Sql-managedInstances_UseOnly_mi-corpsaw-in-10-50-160-128-25-v10",
                "priority": 101,
                "protocol": "Tcp",
                "source_address_prefix": "CorpNetSaw",
                "source_address_prefixes": [],
                "source_application_security_group_ids": [],
                "source_port_range": "*",
                "source_port_ranges": []
              },
              {
                "access": "Allow",
                "description": "Allow MI internal inbound traffic",
                "destination_address_prefix": "10.50.160.128/25",
                "destination_address_prefixes": [],
                "destination_application_security_group_ids": [],
                "destination_port_range": "*",
                "destination_port_ranges": [],
                "direction": "Inbound",
                "name": "Microsoft.Sql-managedInstances_UseOnly_mi-internal-in-10-50-160-128-25-v10",
                "priority": 104,
                "protocol": "*",
                "source_address_prefix": "10.50.160.128/25",
                "source_address_prefixes": [],
                "source_application_security_group_ids": [],
                "source_port_range": "*",
                "source_port_ranges": []
              },
              {
                "access": "Allow",
                "description": "Allow MI internal outbound traffic",
                "destination_address_prefix": "10.50.160.128/25",
                "destination_address_prefixes": [],
                "destination_application_security_group_ids": [],
                "destination_port_range": "*",
                "destination_port_ranges": [],
                "direction": "Outbound",
                "name": "Microsoft.Sql-managedInstances_UseOnly_mi-internal-out-10-50-160-128-25-v10",
                "priority": 101,
                "protocol": "*",
                "source_address_prefix": "10.50.160.128/25",
                "source_address_prefixes": [],
                "source_application_security_group_ids": [],
                "source_port_range": "*",
                "source_port_ranges": []
              },
              {
                "access": "Allow",
                "description": "Allow MI provisioning Control Plane Deployment and Authentication Service",
                "destination_address_prefix": "10.50.160.128/25",
                "destination_address_prefixes": [],
                "destination_application_security_group_ids": [],
                "destination_port_range": "",
                "destination_port_ranges": [
                  "1438",
                  "1440",
                  "1452",
                  "9000",
                  "9003"
                ],
                "direction": "Inbound",
                "name": "Microsoft.Sql-managedInstances_UseOnly_mi-sqlmgmt-in-10-50-160-128-25-v10",
                "priority": 100,
                "protocol": "Tcp",
                "source_address_prefix": "SqlManagement",
                "source_address_prefixes": [],
                "source_application_security_group_ids": [],
                "source_port_range": "*",
                "source_port_ranges": []
              },
              {
                "access": "Allow",
                "description": "Allow MI services outbound traffic over https",
                "destination_address_prefix": "AzureCloud",
                "destination_address_prefixes": [],
                "destination_application_security_group_ids": [],
                "destination_port_range": "",
                "destination_port_ranges": [
                  "12000",
                  "443"
                ],
                "direction": "Outbound",
                "name": "Microsoft.Sql-managedInstances_UseOnly_mi-services-out-10-50-160-128-25-v10",
                "priority": 100,
                "protocol": "Tcp",
                "source_address_prefix": "10.50.160.128/25",
                "source_address_prefixes": [],
                "source_application_security_group_ids": [],
                "source_port_range": "*",
                "source_port_ranges": []
              },
              {
                "access": "Deny",
                "description": "",
                "destination_address_prefix": "*",
                "destination_address_prefixes": [],
                "destination_application_security_group_ids": [],
                "destination_port_range": "*",
                "destination_port_ranges": [],
                "direction": "Inbound",
                "name": "deny_all_inbound",
                "priority": 4096,
                "protocol": "*",
                "source_address_prefix": "*",
                "source_address_prefixes": [],
                "source_application_security_group_ids": [],
                "source_port_range": "*",
                "source_port_ranges": []
              },
              {
                "access": "Deny",
                "description": "",
                "destination_address_prefix": "*",
                "destination_address_prefixes": [],
                "destination_application_security_group_ids": [],
                "destination_port_range": "*",
                "destination_port_ranges": [],
                "direction": "Outbound",
                "name": "deny_all_outbound",
                "priority": 4096,
                "protocol": "*",
                "source_address_prefix": "*",
                "source_address_prefixes": [],
                "source_application_security_group_ids": [],
                "source_port_range": "*",
                "source_port_ranges": []
              }
            ],
            "tags": {},
            "timeouts": null
          },
          "sensitive_attributes": [],
          "private": "eyJlMmJmYjczMC1lY2FhLTExZTYtOGY4OC0zNDM2M2JjN2M0YzAiOnsiY3JlYXRlIjoxODAwMDAwMDAwMDAwLCJkZWxldGUiOjE4MDAwMDAwMDAwMDAsInJlYWQiOjMwMDAwMDAwMDAwMCwidXBkYXRlIjoxODAwMDAwMDAwMDAwfX0=",
          "dependencies": [
            "data.azurerm_resource_group.iap_rg",
            "module.iap_vnet.data.azurerm_resource_group.resource_group"
          ]
        }
      ]
    },
    {
      "module": "module.iap_vnet",
      "mode": "managed",
      "type": "azurerm_network_security_rule",
      "name": "allow_health_probe_inbound",
      "provider": "provider[\"registry.terraform.io/hashicorp/azurerm\"]",
      "instances": [
        {
          "schema_version": 0,
          "attributes": {
            "access": "Allow",
            "description": "",
            "destination_address_prefix": "*",
            "destination_address_prefixes": [],
            "destination_application_security_group_ids": [],
            "destination_port_range": "*",
            "destination_port_ranges": [],
            "direction": "Inbound",
            "id": "/subscriptions/f7d221ec-4738-488a-8a1c-bd6241699022/resourceGroups/rg-iap-hai02u/providers/Microsoft.Network/networkSecurityGroups/nsg-iap-hai02u/securityRules/allow_health_probe_inbound",
            "name": "allow_health_probe_inbound",
            "network_security_group_name": "nsg-iap-hai02u",
            "priority": 300,
            "protocol": "*",
            "resource_group_name": "rg-iap-hai02u",
            "source_address_prefix": "AzureLoadBalancer",
            "source_address_prefixes": [],
            "source_application_security_group_ids": [],
            "source_port_range": "*",
            "source_port_ranges": [],
            "timeouts": null
          },
          "sensitive_attributes": [],
          "private": "eyJlMmJmYjczMC1lY2FhLTExZTYtOGY4OC0zNDM2M2JjN2M0YzAiOnsiY3JlYXRlIjoxODAwMDAwMDAwMDAwLCJkZWxldGUiOjE4MDAwMDAwMDAwMDAsInJlYWQiOjMwMDAwMDAwMDAwMCwidXBkYXRlIjoxODAwMDAwMDAwMDAwfX0=",
          "dependencies": [
            "data.azurerm_resource_group.iap_rg",
            "module.iap_vnet.azurerm_network_security_group.nsg",
            "module.iap_vnet.data.azurerm_resource_group.resource_group"
          ]
        }
      ]
    },
    {
      "module": "module.iap_vnet",
      "mode": "managed",
      "type": "azurerm_network_security_rule",
      "name": "allow_management_inbound",
      "provider": "provider[\"registry.terraform.io/hashicorp/azurerm\"]",
      "instances": [
        {
          "schema_version": 0,
          "attributes": {
            "access": "Allow",
            "description": "",
            "destination_address_prefix": "*",
            "destination_address_prefixes": [],
            "destination_application_security_group_ids": [],
            "destination_port_range": "",
            "destination_port_ranges": [
              "1438",
              "1440",
              "1452",
              "9000",
              "9003"
            ],
            "direction": "Inbound",
            "id": "/subscriptions/f7d221ec-4738-488a-8a1c-bd6241699022/resourceGroups/rg-iap-hai02u/providers/Microsoft.Network/networkSecurityGroups/nsg-iap-hai02u/securityRules/allow_management_inbound",
            "name": "allow_management_inbound",
            "network_security_group_name": "nsg-iap-hai02u",
            "priority": 106,
            "protocol": "Tcp",
            "resource_group_name": "rg-iap-hai02u",
            "source_address_prefix": "*",
            "source_address_prefixes": [],
            "source_application_security_group_ids": [],
            "source_port_range": "*",
            "source_port_ranges": [],
            "timeouts": null
          },
          "sensitive_attributes": [],
          "private": "eyJlMmJmYjczMC1lY2FhLTExZTYtOGY4OC0zNDM2M2JjN2M0YzAiOnsiY3JlYXRlIjoxODAwMDAwMDAwMDAwLCJkZWxldGUiOjE4MDAwMDAwMDAwMDAsInJlYWQiOjMwMDAwMDAwMDAwMCwidXBkYXRlIjoxODAwMDAwMDAwMDAwfX0=",
          "dependencies": [
            "data.azurerm_resource_group.iap_rg",
            "module.iap_vnet.azurerm_network_security_group.nsg",
            "module.iap_vnet.data.azurerm_resource_group.resource_group"
          ]
        }
      ]
    },
    {
      "module": "module.iap_vnet",
      "mode": "managed",
      "type": "azurerm_network_security_rule",
      "name": "allow_management_outbound",
      "provider": "provider[\"registry.terraform.io/hashicorp/azurerm\"]",
      "instances": [
        {
          "schema_version": 0,
          "attributes": {
            "access": "Allow",
            "description": "",
            "destination_address_prefix": "*",
            "destination_address_prefixes": [],
            "destination_application_security_group_ids": [],
            "destination_port_range": "",
            "destination_port_ranges": [
              "12000",
              "443",
              "80"
            ],
            "direction": "Outbound",
            "id": "/subscriptions/f7d221ec-4738-488a-8a1c-bd6241699022/resourceGroups/rg-iap-hai02u/providers/Microsoft.Network/networkSecurityGroups/nsg-iap-hai02u/securityRules/allow_management_outbound",
            "name": "allow_management_outbound",
            "network_security_group_name": "nsg-iap-hai02u",
            "priority": 102,
            "protocol": "Tcp",
            "resource_group_name": "rg-iap-hai02u",
            "source_address_prefix": "*",
            "source_address_prefixes": [],
            "source_application_security_group_ids": [],
            "source_port_range": "*",
            "source_port_ranges": [],
            "timeouts": null
          },
          "sensitive_attributes": [],
          "private": "eyJlMmJmYjczMC1lY2FhLTExZTYtOGY4OC0zNDM2M2JjN2M0YzAiOnsiY3JlYXRlIjoxODAwMDAwMDAwMDAwLCJkZWxldGUiOjE4MDAwMDAwMDAwMDAsInJlYWQiOjMwMDAwMDAwMDAwMCwidXBkYXRlIjoxODAwMDAwMDAwMDAwfX0=",
          "dependencies": [
            "data.azurerm_resource_group.iap_rg",
            "module.iap_vnet.azurerm_network_security_group.nsg",
            "module.iap_vnet.data.azurerm_resource_group.resource_group"
          ]
        }
      ]
    },
    {
      "module": "module.iap_vnet",
      "mode": "managed",
      "type": "azurerm_network_security_rule",
      "name": "allow_misubnet_outbound",
      "provider": "provider[\"registry.terraform.io/hashicorp/azurerm\"]",
      "instances": [
        {
          "schema_version": 0,
          "attributes": {
            "access": "Allow",
            "description": "",
            "destination_address_prefix": "*",
            "destination_address_prefixes": [],
            "destination_application_security_group_ids": [],
            "destination_port_range": "*",
            "destination_port_ranges": [],
            "direction": "Outbound",
            "id": "/subscriptions/f7d221ec-4738-488a-8a1c-bd6241699022/resourceGroups/rg-iap-hai02u/providers/Microsoft.Network/networkSecurityGroups/nsg-iap-hai02u/securityRules/allow_misubnet_outbound",
            "name": "allow_misubnet_outbound",
            "network_security_group_name": "nsg-iap-hai02u",
            "priority": 200,
            "protocol": "*",
            "resource_group_name": "rg-iap-hai02u",
            "source_address_prefix": "*",
            "source_address_prefixes": [],
            "source_application_security_group_ids": [],
            "source_port_range": "*",
            "source_port_ranges": [],
            "timeouts": null
          },
          "sensitive_attributes": [],
          "private": "eyJlMmJmYjczMC1lY2FhLTExZTYtOGY4OC0zNDM2M2JjN2M0YzAiOnsiY3JlYXRlIjoxODAwMDAwMDAwMDAwLCJkZWxldGUiOjE4MDAwMDAwMDAwMDAsInJlYWQiOjMwMDAwMDAwMDAwMCwidXBkYXRlIjoxODAwMDAwMDAwMDAwfX0=",
          "dependencies": [
            "data.azurerm_resource_group.iap_rg",
            "module.iap_vnet.azurerm_network_security_group.nsg",
            "module.iap_vnet.data.azurerm_resource_group.resource_group"
          ]
        }
      ]
    },
    {
      "module": "module.iap_vnet",
      "mode": "managed",
      "type": "azurerm_network_security_rule",
      "name": "allow_tds_inbound",
      "provider": "provider[\"registry.terraform.io/hashicorp/azurerm\"]",
      "instances": [
        {
          "schema_version": 0,
          "attributes": {
            "access": "Allow",
            "description": "",
            "destination_address_prefix": "*",
            "destination_address_prefixes": [],
            "destination_application_security_group_ids": [],
            "destination_port_range": "1433",
            "destination_port_ranges": [],
            "direction": "Inbound",
            "id": "/subscriptions/f7d221ec-4738-488a-8a1c-bd6241699022/resourceGroups/rg-iap-hai02u/providers/Microsoft.Network/networkSecurityGroups/nsg-iap-hai02u/securityRules/allow_tds_inbound",
            "name": "allow_tds_inbound",
            "network_security_group_name": "nsg-iap-hai02u",
            "priority": 1000,
            "protocol": "Tcp",
            "resource_group_name": "rg-iap-hai02u",
            "source_address_prefix": "VirtualNetwork",
            "source_address_prefixes": [],
            "source_application_security_group_ids": [],
            "source_port_range": "*",
            "source_port_ranges": [],
            "timeouts": null
          },
          "sensitive_attributes": [],
          "private": "eyJlMmJmYjczMC1lY2FhLTExZTYtOGY4OC0zNDM2M2JjN2M0YzAiOnsiY3JlYXRlIjoxODAwMDAwMDAwMDAwLCJkZWxldGUiOjE4MDAwMDAwMDAwMDAsInJlYWQiOjMwMDAwMDAwMDAwMCwidXBkYXRlIjoxODAwMDAwMDAwMDAwfX0=",
          "dependencies": [
            "data.azurerm_resource_group.iap_rg",
            "module.iap_vnet.azurerm_network_security_group.nsg",
            "module.iap_vnet.data.azurerm_resource_group.resource_group"
          ]
        }
      ]
    },
    {
      "module": "module.iap_vnet",
      "mode": "managed",
      "type": "azurerm_network_security_rule",
      "name": "deny_all_inbound",
      "provider": "provider[\"registry.terraform.io/hashicorp/azurerm\"]",
      "instances": [
        {
          "schema_version": 0,
          "attributes": {
            "access": "Deny",
            "description": "",
            "destination_address_prefix": "*",
            "destination_address_prefixes": [],
            "destination_application_security_group_ids": [],
            "destination_port_range": "*",
            "destination_port_ranges": [],
            "direction": "Inbound",
            "id": "/subscriptions/f7d221ec-4738-488a-8a1c-bd6241699022/resourceGroups/rg-iap-hai02u/providers/Microsoft.Network/networkSecurityGroups/nsg-iap-hai02u/securityRules/deny_all_inbound",
            "name": "deny_all_inbound",
            "network_security_group_name": "nsg-iap-hai02u",
            "priority": 4096,
            "protocol": "*",
            "resource_group_name": "rg-iap-hai02u",
            "source_address_prefix": "*",
            "source_address_prefixes": [],
            "source_application_security_group_ids": [],
            "source_port_range": "*",
            "source_port_ranges": [],
            "timeouts": null
          },
          "sensitive_attributes": [],
          "private": "eyJlMmJmYjczMC1lY2FhLTExZTYtOGY4OC0zNDM2M2JjN2M0YzAiOnsiY3JlYXRlIjoxODAwMDAwMDAwMDAwLCJkZWxldGUiOjE4MDAwMDAwMDAwMDAsInJlYWQiOjMwMDAwMDAwMDAwMCwidXBkYXRlIjoxODAwMDAwMDAwMDAwfX0=",
          "dependencies": [
            "data.azurerm_resource_group.iap_rg",
            "module.iap_vnet.azurerm_network_security_group.nsg",
            "module.iap_vnet.data.azurerm_resource_group.resource_group"
          ]
        }
      ]
    },
    {
      "module": "module.iap_vnet",
      "mode": "managed",
      "type": "azurerm_network_security_rule",
      "name": "deny_all_outbound",
      "provider": "provider[\"registry.terraform.io/hashicorp/azurerm\"]",
      "instances": [
        {
          "schema_version": 0,
          "attributes": {
            "access": "Deny",
            "description": "",
            "destination_address_prefix": "*",
            "destination_address_prefixes": [],
            "destination_application_security_group_ids": [],
            "destination_port_range": "*",
            "destination_port_ranges": [],
            "direction": "Outbound",
            "id": "/subscriptions/f7d221ec-4738-488a-8a1c-bd6241699022/resourceGroups/rg-iap-hai02u/providers/Microsoft.Network/networkSecurityGroups/nsg-iap-hai02u/securityRules/deny_all_outbound",
            "name": "deny_all_outbound",
            "network_security_group_name": "nsg-iap-hai02u",
            "priority": 4096,
            "protocol": "*",
            "resource_group_name": "rg-iap-hai02u",
            "source_address_prefix": "*",
            "source_address_prefixes": [],
            "source_application_security_group_ids": [],
            "source_port_range": "*",
            "source_port_ranges": [],
            "timeouts": null
          },
          "sensitive_attributes": [],
          "private": "eyJlMmJmYjczMC1lY2FhLTExZTYtOGY4OC0zNDM2M2JjN2M0YzAiOnsiY3JlYXRlIjoxODAwMDAwMDAwMDAwLCJkZWxldGUiOjE4MDAwMDAwMDAwMDAsInJlYWQiOjMwMDAwMDAwMDAwMCwidXBkYXRlIjoxODAwMDAwMDAwMDAwfX0=",
          "dependencies": [
            "data.azurerm_resource_group.iap_rg",
            "module.iap_vnet.azurerm_network_security_group.nsg",
            "module.iap_vnet.data.azurerm_resource_group.resource_group"
          ]
        }
      ]
    },
    {
      "module": "module.iap_vnet",
      "mode": "managed",
      "type": "azurerm_route_table",
      "name": "rt",
      "provider": "provider[\"registry.terraform.io/hashicorp/azurerm\"]",
      "instances": [
        {
          "schema_version": 0,
          "attributes": {
            "disable_bgp_route_propagation": false,
            "id": "/subscriptions/f7d221ec-4738-488a-8a1c-bd6241699022/resourceGroups/rg-iap-hai02u/providers/Microsoft.Network/routeTables/rt-iap-hai02u",
            "location": "eastus2",
            "name": "rt-iap-hai02u",
            "resource_group_name": "rg-iap-hai02u",
            "route": [],
            "subnets": [],
            "tags": null,
            "timeouts": null
          },
          "sensitive_attributes": [],
          "private": "eyJlMmJmYjczMC1lY2FhLTExZTYtOGY4OC0zNDM2M2JjN2M0YzAiOnsiY3JlYXRlIjoxODAwMDAwMDAwMDAwLCJkZWxldGUiOjE4MDAwMDAwMDAwMDAsInJlYWQiOjMwMDAwMDAwMDAwMCwidXBkYXRlIjoxODAwMDAwMDAwMDAwfX0=",
          "dependencies": [
            "data.azurerm_resource_group.iap_rg",
            "module.iap_vnet.azurerm_subnet.subnet_3",
            "module.iap_vnet.azurerm_virtual_network.vnet",
            "module.iap_vnet.data.azurerm_resource_group.resource_group"
          ]
        }
      ]
    },
    {
      "module": "module.iap_vnet",
      "mode": "managed",
      "type": "azurerm_subnet",
      "name": "subnet_1",
      "provider": "provider[\"registry.terraform.io/hashicorp/azurerm\"]",
      "instances": [
        {
          "schema_version": 0,
          "attributes": {
            "address_prefixes": [
              "10.50.160.0/25"
            ],
            "delegation": [],
            "enforce_private_link_endpoint_network_policies": false,
            "enforce_private_link_service_network_policies": false,
            "id": "/subscriptions/f7d221ec-4738-488a-8a1c-bd6241699022/resourceGroups/rg-iap-hai02u/providers/Microsoft.Network/virtualNetworks/vnet-iap-hai02u/subnets/FrontEnd",
            "name": "FrontEnd",
            "resource_group_name": "rg-iap-hai02u",
            "service_endpoint_policy_ids": [],
            "service_endpoints": [],
            "timeouts": null,
            "virtual_network_name": "vnet-iap-hai02u"
          },
          "sensitive_attributes": [],
          "private": "eyJlMmJmYjczMC1lY2FhLTExZTYtOGY4OC0zNDM2M2JjN2M0YzAiOnsiY3JlYXRlIjoxODAwMDAwMDAwMDAwLCJkZWxldGUiOjE4MDAwMDAwMDAwMDAsInJlYWQiOjMwMDAwMDAwMDAwMCwidXBkYXRlIjoxODAwMDAwMDAwMDAwfX0=",
          "dependencies": [
            "data.azurerm_resource_group.iap_rg",
            "module.iap_vnet.azurerm_virtual_network.vnet",
            "module.iap_vnet.data.azurerm_resource_group.resource_group"
          ]
        }
      ]
    },
    {
      "module": "module.iap_vnet",
      "mode": "managed",
      "type": "azurerm_subnet",
      "name": "subnet_3",
      "provider": "provider[\"registry.terraform.io/hashicorp/azurerm\"]",
      "instances": [
        {
          "schema_version": 0,
          "attributes": {
            "address_prefixes": [
              "10.50.161.0/25"
            ],
            "delegation": [
              {
                "name": "managedinstancedelegation",
                "service_delegation": [
                  {
                    "actions": [
                      "Microsoft.Network/virtualNetworks/subnets/join/action",
                      "Microsoft.Network/virtualNetworks/subnets/prepareNetworkPolicies/action",
                      "Microsoft.Network/virtualNetworks/subnets/unprepareNetworkPolicies/action"
                    ],
                    "name": "Microsoft.Sql/managedInstances"
                  }
                ]
              }
            ],
            "enforce_private_link_endpoint_network_policies": false,
            "enforce_private_link_service_network_policies": false,
            "id": "/subscriptions/f7d221ec-4738-488a-8a1c-bd6241699022/resourceGroups/rg-iap-hai02u/providers/Microsoft.Network/virtualNetworks/vnet-iap-hai02u/subnets/VnetIntegration",
            "name": "VnetIntegration",
            "resource_group_name": "rg-iap-hai02u",
            "service_endpoint_policy_ids": null,
            "service_endpoints": null,
            "timeouts": null,
            "virtual_network_name": "vnet-iap-hai02u"
          },
          "sensitive_attributes": [],
          "private": "eyJlMmJmYjczMC1lY2FhLTExZTYtOGY4OC0zNDM2M2JjN2M0YzAiOnsiY3JlYXRlIjoxODAwMDAwMDAwMDAwLCJkZWxldGUiOjE4MDAwMDAwMDAwMDAsInJlYWQiOjMwMDAwMDAwMDAwMCwidXBkYXRlIjoxODAwMDAwMDAwMDAwfX0=",
          "dependencies": [
            "data.azurerm_resource_group.iap_rg",
            "module.iap_vnet.azurerm_virtual_network.vnet",
            "module.iap_vnet.data.azurerm_resource_group.resource_group"
          ]
        }
      ]
    },
    {
      "module": "module.iap_vnet",
      "mode": "managed",
      "type": "azurerm_subnet_network_security_group_association",
      "name": "nsg-assoc",
      "provider": "provider[\"registry.terraform.io/hashicorp/azurerm\"]",
      "instances": [
        {
          "schema_version": 0,
          "attributes": {
            "id": "/subscriptions/f7d221ec-4738-488a-8a1c-bd6241699022/resourceGroups/rg-iap-hai02u/providers/Microsoft.Network/virtualNetworks/vnet-iap-hai02u/subnets/VnetIntegration",
            "network_security_group_id": "/subscriptions/f7d221ec-4738-488a-8a1c-bd6241699022/resourceGroups/rg-iap-hai02u/providers/Microsoft.Network/networkSecurityGroups/nsg-iap-hai02u",
            "subnet_id": "/subscriptions/f7d221ec-4738-488a-8a1c-bd6241699022/resourceGroups/rg-iap-hai02u/providers/Microsoft.Network/virtualNetworks/vnet-iap-hai02u/subnets/VnetIntegration",
            "timeouts": null
          },
          "sensitive_attributes": [],
          "private": "eyJlMmJmYjczMC1lY2FhLTExZTYtOGY4OC0zNDM2M2JjN2M0YzAiOnsiY3JlYXRlIjoxODAwMDAwMDAwMDAwLCJkZWxldGUiOjE4MDAwMDAwMDAwMDAsInJlYWQiOjMwMDAwMDAwMDAwMCwidXBkYXRlIjoxODAwMDAwMDAwMDAwfX0=",
          "dependencies": [
            "data.azurerm_resource_group.iap_rg",
            "module.iap_vnet.azurerm_network_security_group.nsg",
            "module.iap_vnet.azurerm_subnet.subnet_3",
            "module.iap_vnet.azurerm_virtual_network.vnet",
            "module.iap_vnet.data.azurerm_resource_group.resource_group"
          ]
        }
      ]
    },
    {
      "module": "module.iap_vnet",
      "mode": "managed",
      "type": "azurerm_subnet_route_table_association",
      "name": "rtassoc",
      "provider": "provider[\"registry.terraform.io/hashicorp/azurerm\"]",
      "instances": [
        {
          "schema_version": 0,
          "attributes": {
            "id": "/subscriptions/f7d221ec-4738-488a-8a1c-bd6241699022/resourceGroups/rg-iap-hai02u/providers/Microsoft.Network/virtualNetworks/vnet-iap-hai02u/subnets/VnetIntegration",
            "route_table_id": "/subscriptions/f7d221ec-4738-488a-8a1c-bd6241699022/resourceGroups/rg-iap-hai02u/providers/Microsoft.Network/routeTables/rt-iap-hai02u",
            "subnet_id": "/subscriptions/f7d221ec-4738-488a-8a1c-bd6241699022/resourceGroups/rg-iap-hai02u/providers/Microsoft.Network/virtualNetworks/vnet-iap-hai02u/subnets/VnetIntegration",
            "timeouts": null
          },
          "sensitive_attributes": [],
          "private": "eyJlMmJmYjczMC1lY2FhLTExZTYtOGY4OC0zNDM2M2JjN2M0YzAiOnsiY3JlYXRlIjoxODAwMDAwMDAwMDAwLCJkZWxldGUiOjE4MDAwMDAwMDAwMDAsInJlYWQiOjMwMDAwMDAwMDAwMCwidXBkYXRlIjoxODAwMDAwMDAwMDAwfX0=",
          "dependencies": [
            "data.azurerm_resource_group.iap_rg",
            "module.iap_vnet.azurerm_route_table.rt",
            "module.iap_vnet.azurerm_subnet.subnet_3",
            "module.iap_vnet.azurerm_virtual_network.vnet",
            "module.iap_vnet.data.azurerm_resource_group.resource_group"
          ]
        }
      ]
    },
    {
      "module": "module.iap_vnet",
      "mode": "managed",
      "type": "azurerm_virtual_network",
      "name": "vnet",
      "provider": "provider[\"registry.terraform.io/hashicorp/azurerm\"]",
      "instances": [
        {
          "schema_version": 0,
          "attributes": {
            "address_space": [
              "10.50.160.0/23"
            ],
            "bgp_community": "",
            "ddos_protection_plan": [],
            "dns_servers": [],
            "edge_zone": "",
            "flow_timeout_in_minutes": 0,
            "guid": "c823d3e4-5ea6-4abd-a439-58e6f58ce380",
            "id": "/subscriptions/f7d221ec-4738-488a-8a1c-bd6241699022/resourceGroups/rg-iap-hai02u/providers/Microsoft.Network/virtualNetworks/vnet-iap-hai02u",
            "location": "eastus2",
            "name": "vnet-iap-hai02u",
            "resource_group_name": "rg-iap-hai02u",
            "subnet": [
              {
                "address_prefix": "10.50.160.0/25",
                "id": "/subscriptions/f7d221ec-4738-488a-8a1c-bd6241699022/resourceGroups/rg-iap-hai02u/providers/Microsoft.Network/virtualNetworks/vnet-iap-hai02u/subnets/FrontEnd",
                "name": "FrontEnd",
                "security_group": ""
              },
              {
                "address_prefix": "10.50.160.128/25",
                "id": "/subscriptions/f7d221ec-4738-488a-8a1c-bd6241699022/resourceGroups/rg-iap-hai02u/providers/Microsoft.Network/virtualNetworks/vnet-iap-hai02u/subnets/snet-iap-hai02u",
                "name": "snet-iap-hai02u",
                "security_group": "/subscriptions/f7d221ec-4738-488a-8a1c-bd6241699022/resourceGroups/rg-iap-hai02u/providers/Microsoft.Network/networkSecurityGroups/nsg-iap-hai02u"
              }
            ],
            "tags": {
              "Application": "iap",
              "Environment": "UAT"
            },
            "timeouts": null
          },
          "sensitive_attributes": [],
          "private": "eyJlMmJmYjczMC1lY2FhLTExZTYtOGY4OC0zNDM2M2JjN2M0YzAiOnsiY3JlYXRlIjoxODAwMDAwMDAwMDAwLCJkZWxldGUiOjE4MDAwMDAwMDAwMDAsInJlYWQiOjMwMDAwMDAwMDAwMCwidXBkYXRlIjoxODAwMDAwMDAwMDAwfX0=",
          "dependencies": [
            "data.azurerm_resource_group.iap_rg",
            "module.iap_vnet.data.azurerm_resource_group.resource_group"
          ]
        }
      ]
    }
  ]
}
